
Microsoft Visual Studio Solution File, Format Version 12.00
# Visual Studio Version 16
VisualStudioVersion = 16.0.33927.289
MinimumVisualStudioVersion = 10.0.40219.1
Project("{FAE04EC0-301F-11D3-BF4B-00C04F79EFBC}") = "webhome1006", "webhome1006\webhome1006.csproj", "{EDBCFE65-763D-48E4-9F07-5F7122785FD1}"
EndProject
Global
	GlobalSection(SolutionConfigurationPlatforms) = preSolution
		Debug|Any CPU = Debug|Any CPU
		Release|Any CPU = Release|Any CPU
	EndGlobalSection
	GlobalSection(ProjectConfigurationPlatforms) = postSolution
		{EDBCFE65-763D-48E4-9F07-5F7122785FD1}.Debug|Any CPU.ActiveCfg = Debug|Any CPU
		{EDBCFE65-763D-48E4-9F07-5F7122785FD1}.Debug|Any CPU.Build.0 = Debug|Any CPU
		{EDBCFE65-763D-48E4-9F07-5F7122785FD1}.Release|Any CPU.ActiveCfg = Release|Any CPU
		{EDBCFE65-763D-48E4-9F07-5F7122785FD1}.Release|Any CPU.Build.0 = Release|Any CPU
	EndGlobalSection
	GlobalSection(SolutionProperties) = preSolution
		HideSolutionNode = FALSE
	EndGlobalSection
	GlobalSection(ExtensibilityGlobals) = postSolution
		SolutionGuid = {E5A2643B-4408-413F-AA61-46EE3DED7890}
	EndGlobalSection
EndGlobal
